
Microsoft Visual Studio Solution File, Format Version 12.00
# Visual Studio 15
VisualStudioVersion = 15.0.26127.3
MinimumVisualStudioVersion = 10.0.40219.1
Project("{FAE04EC0-301F-11D3-BF4B-00C04F79EFBC}") = "Miso.SearchForms", "Miso.SearchForms\Miso.SearchForms\Miso.SearchForms.csproj", "{F200DC92-D00D-4F61-9192-36E458D2EBA8}"
EndProject
Project("{FAE04EC0-301F-11D3-BF4B-00C04F79EFBC}") = "Miso.SearchForms.Droid", "Miso.SearchForms\Miso.SearchForms.Droid\Miso.SearchForms.Droid.csproj", "{69D0D22B-3352-4979-9DC0-757A003ACD97}"
EndProject
Project("{FAE04EC0-301F-11D3-BF4B-00C04F79EFBC}") = "Miso.SearchForms.iOS", "Miso.SearchForms\Miso.SearchForms.iOS\Miso.SearchForms.iOS.csproj", "{A766782F-FEF7-4FEA-89AF-D09ED3E73611}"
EndProject
Project("{FAE04EC0-301F-11D3-BF4B-00C04F79EFBC}") = "Miso.SearchForms.Tests", "Miso.SearchForms.Tests\Miso.SearchForms.Tests.csproj", "{55E4BBC1-C3C1-4489-8AE5-F4C079E3AE18}"
EndProject
Project("{2150E333-8FDC-42A3-9474-1A3956D46DE8}") = "Solution Items", "Solution Items", "{EDD01729-5AB0-49A3-90F4-F23E1E83CFD4}"
	ProjectSection(SolutionItems) = preProject
		.editorconfig = .editorconfig
	EndProjectSection
EndProject
Global
	GlobalSection(SolutionConfigurationPlatforms) = preSolution
		Ad-Hoc|Any CPU = Ad-Hoc|Any CPU
		Ad-Hoc|ARM = Ad-Hoc|ARM
		Ad-Hoc|iPhone = Ad-Hoc|iPhone
		Ad-Hoc|iPhoneSimulator = Ad-Hoc|iPhoneSimulator
		Ad-Hoc|x64 = Ad-Hoc|x64
		Ad-Hoc|x86 = Ad-Hoc|x86
		AppStore|Any CPU = AppStore|Any CPU
		AppStore|ARM = AppStore|ARM
		AppStore|iPhone = AppStore|iPhone
		AppStore|iPhoneSimulator = AppStore|iPhoneSimulator
		AppStore|x64 = AppStore|x64
		AppStore|x86 = AppStore|x86
		Debug|Any CPU = Debug|Any CPU
		Debug|ARM = Debug|ARM
		Debug|iPhone = Debug|iPhone
		Debug|iPhoneSimulator = Debug|iPhoneSimulator
		Debug|x64 = Debug|x64
		Debug|x86 = Debug|x86
		Release|Any CPU = Release|Any CPU
		Release|ARM = Release|ARM
		Release|iPhone = Release|iPhone
		Release|iPhoneSimulator = Release|iPhoneSimulator
		Release|x64 = Release|x64
		Release|x86 = Release|x86
	EndGlobalSection
	GlobalSection(ProjectConfigurationPlatforms) = postSolution
		{F200DC92-D00D-4F61-9192-36E458D2EBA8}.Ad-Hoc|Any CPU.ActiveCfg = Release|Any CPU
		{F200DC92-D00D-4F61-9192-36E458D2EBA8}.Ad-Hoc|Any CPU.Build.0 = Release|Any CPU
		{F200DC92-D00D-4F61-9192-36E458D2EBA8}.Ad-Hoc|ARM.ActiveCfg = Release|Any CPU
		{F200DC92-D00D-4F61-9192-36E458D2EBA8}.Ad-Hoc|ARM.Build.0 = Release|Any CPU
		{F200DC92-D00D-4F61-9192-36E458D2EBA8}.Ad-Hoc|iPhone.ActiveCfg = Release|Any CPU
		{F200DC92-D00D-4F61-9192-36E458D2EBA8}.Ad-Hoc|iPhone.Build.0 = Release|Any CPU
		{F200DC92-D00D-4F61-9192-36E458D2EBA8}.Ad-Hoc|iPhoneSimulator.ActiveCfg = Release|Any CPU
		{F200DC92-D00D-4F61-9192-36E458D2EBA8}.Ad-Hoc|iPhoneSimulator.Build.0 = Release|Any CPU
		{F200DC92-D00D-4F61-9192-36E458D2EBA8}.Ad-Hoc|x64.ActiveCfg = Release|Any CPU
		{F200DC92-D00D-4F61-9192-36E458D2EBA8}.Ad-Hoc|x64.Build.0 = Release|Any CPU
		{F200DC92-D00D-4F61-9192-36E458D2EBA8}.Ad-Hoc|x86.ActiveCfg = Release|Any CPU
		{F200DC92-D00D-4F61-9192-36E458D2EBA8}.Ad-Hoc|x86.Build.0 = Release|Any CPU
		{F200DC92-D00D-4F61-9192-36E458D2EBA8}.AppStore|Any CPU.ActiveCfg = Release|Any CPU
		{F200DC92-D00D-4F61-9192-36E458D2EBA8}.AppStore|Any CPU.Build.0 = Release|Any CPU
		{F200DC92-D00D-4F61-9192-36E458D2EBA8}.AppStore|ARM.ActiveCfg = Release|Any CPU
		{F200DC92-D00D-4F61-9192-36E458D2EBA8}.AppStore|ARM.Build.0 = Release|Any CPU
		{F200DC92-D00D-4F61-9192-36E458D2EBA8}.AppStore|iPhone.ActiveCfg = Release|Any CPU
		{F200DC92-D00D-4F61-9192-36E458D2EBA8}.AppStore|iPhone.Build.0 = Release|Any CPU
		{F200DC92-D00D-4F61-9192-36E458D2EBA8}.AppStore|iPhoneSimulator.ActiveCfg = Release|Any CPU
		{F200DC92-D00D-4F61-9192-36E458D2EBA8}.AppStore|iPhoneSimulator.Build.0 = Release|Any CPU
		{F200DC92-D00D-4F61-9192-36E458D2EBA8}.AppStore|x64.ActiveCfg = Release|Any CPU
		{F200DC92-D00D-4F61-9192-36E458D2EBA8}.AppStore|x64.Build.0 = Release|Any CPU
		{F200DC92-D00D-4F61-9192-36E458D2EBA8}.AppStore|x86.ActiveCfg = Release|Any CPU
		{F200DC92-D00D-4F61-9192-36E458D2EBA8}.AppStore|x86.Build.0 = Release|Any CPU
		{F200DC92-D00D-4F61-9192-36E458D2EBA8}.Debug|Any CPU.ActiveCfg = Debug|Any CPU
		{F200DC92-D00D-4F61-9192-36E458D2EBA8}.Debug|Any CPU.Build.0 = Debug|Any CPU
		{F200DC92-D00D-4F61-9192-36E458D2EBA8}.Debug|ARM.ActiveCfg = Debug|Any CPU
		{F200DC92-D00D-4F61-9192-36E458D2EBA8}.Debug|ARM.Build.0 = Debug|Any CPU
		{F200DC92-D00D-4F61-9192-36E458D2EBA8}.Debug|iPhone.ActiveCfg = Debug|Any CPU
		{F200DC92-D00D-4F61-9192-36E458D2EBA8}.Debug|iPhone.Build.0 = Debug|Any CPU
		{F200DC92-D00D-4F61-9192-36E458D2EBA8}.Debug|iPhoneSimulator.ActiveCfg = Debug|Any CPU
		{F200DC92-D00D-4F61-9192-36E458D2EBA8}.Debug|iPhoneSimulator.Build.0 = Debug|Any CPU
		{F200DC92-D00D-4F61-9192-36E458D2EBA8}.Debug|x64.ActiveCfg = Debug|Any CPU
		{F200DC92-D00D-4F61-9192-36E458D2EBA8}.Debug|x64.Build.0 = Debug|Any CPU
		{F200DC92-D00D-4F61-9192-36E458D2EBA8}.Debug|x86.ActiveCfg = Debug|Any CPU
		{F200DC92-D00D-4F61-9192-36E458D2EBA8}.Debug|x86.Build.0 = Debug|Any CPU
		{F200DC92-D00D-4F61-9192-36E458D2EBA8}.Release|Any CPU.ActiveCfg = Release|Any CPU
		{F200DC92-D00D-4F61-9192-36E458D2EBA8}.Release|Any CPU.Build.0 = Release|Any CPU
		{F200DC92-D00D-4F61-9192-36E458D2EBA8}.Release|ARM.ActiveCfg = Release|Any CPU
		{F200DC92-D00D-4F61-9192-36E458D2EBA8}.Release|ARM.Build.0 = Release|Any CPU
		{F200DC92-D00D-4F61-9192-36E458D2EBA8}.Release|iPhone.ActiveCfg = Release|Any CPU
		{F200DC92-D00D-4F61-9192-36E458D2EBA8}.Release|iPhone.Build.0 = Release|Any CPU
		{F200DC92-D00D-4F61-9192-36E458D2EBA8}.Release|iPhoneSimulator.ActiveCfg = Release|Any CPU
		{F200DC92-D00D-4F61-9192-36E458D2EBA8}.Release|iPhoneSimulator.Build.0 = Release|Any CPU
		{F200DC92-D00D-4F61-9192-36E458D2EBA8}.Release|x64.ActiveCfg = Release|Any CPU
		{F200DC92-D00D-4F61-9192-36E458D2EBA8}.Release|x64.Build.0 = Release|Any CPU
		{F200DC92-D00D-4F61-9192-36E458D2EBA8}.Release|x86.ActiveCfg = Release|Any CPU
		{F200DC92-D00D-4F61-9192-36E458D2EBA8}.Release|x86.Build.0 = Release|Any CPU
		{69D0D22B-3352-4979-9DC0-757A003ACD97}.Ad-Hoc|Any CPU.ActiveCfg = Release|Any CPU
		{69D0D22B-3352-4979-9DC0-757A003ACD97}.Ad-Hoc|Any CPU.Build.0 = Release|Any CPU
		{69D0D22B-3352-4979-9DC0-757A003ACD97}.Ad-Hoc|Any CPU.Deploy.0 = Release|Any CPU
		{69D0D22B-3352-4979-9DC0-757A003ACD97}.Ad-Hoc|ARM.ActiveCfg = Release|Any CPU
		{69D0D22B-3352-4979-9DC0-757A003ACD97}.Ad-Hoc|ARM.Build.0 = Release|Any CPU
		{69D0D22B-3352-4979-9DC0-757A003ACD97}.Ad-Hoc|ARM.Deploy.0 = Release|Any CPU
		{69D0D22B-3352-4979-9DC0-757A003ACD97}.Ad-Hoc|iPhone.ActiveCfg = Release|Any CPU
		{69D0D22B-3352-4979-9DC0-757A003ACD97}.Ad-Hoc|iPhone.Build.0 = Release|Any CPU
		{69D0D22B-3352-4979-9DC0-757A003ACD97}.Ad-Hoc|iPhone.Deploy.0 = Release|Any CPU
		{69D0D22B-3352-4979-9DC0-757A003ACD97}.Ad-Hoc|iPhoneSimulator.ActiveCfg = Release|Any CPU
		{69D0D22B-3352-4979-9DC0-757A003ACD97}.Ad-Hoc|iPhoneSimulator.Build.0 = Release|Any CPU
		{69D0D22B-3352-4979-9DC0-757A003ACD97}.Ad-Hoc|iPhoneSimulator.Deploy.0 = Release|Any CPU
		{69D0D22B-3352-4979-9DC0-757A003ACD97}.Ad-Hoc|x64.ActiveCfg = Release|Any CPU
		{69D0D22B-3352-4979-9DC0-757A003ACD97}.Ad-Hoc|x64.Build.0 = Release|Any CPU
		{69D0D22B-3352-4979-9DC0-757A003ACD97}.Ad-Hoc|x64.Deploy.0 = Release|Any CPU
		{69D0D22B-3352-4979-9DC0-757A003ACD97}.Ad-Hoc|x86.ActiveCfg = Release|Any CPU
		{69D0D22B-3352-4979-9DC0-757A003ACD97}.Ad-Hoc|x86.Build.0 = Release|Any CPU
		{69D0D22B-3352-4979-9DC0-757A003ACD97}.Ad-Hoc|x86.Deploy.0 = Release|Any CPU
		{69D0D22B-3352-4979-9DC0-757A003ACD97}.AppStore|Any CPU.ActiveCfg = Release|Any CPU
		{69D0D22B-3352-4979-9DC0-757A003ACD97}.AppStore|Any CPU.Build.0 = Release|Any CPU
		{69D0D22B-3352-4979-9DC0-757A003ACD97}.AppStore|Any CPU.Deploy.0 = Release|Any CPU
		{69D0D22B-3352-4979-9DC0-757A003ACD97}.AppStore|ARM.ActiveCfg = Release|Any CPU
		{69D0D22B-3352-4979-9DC0-757A003ACD97}.AppStore|ARM.Build.0 = Release|Any CPU
		{69D0D22B-3352-4979-9DC0-757A003ACD97}.AppStore|ARM.Deploy.0 = Release|Any CPU
		{69D0D22B-3352-4979-9DC0-757A003ACD97}.AppStore|iPhone.ActiveCfg = Release|Any CPU
		{69D0D22B-3352-4979-9DC0-757A003ACD97}.AppStore|iPhone.Build.0 = Release|Any CPU
		{69D0D22B-3352-4979-9DC0-757A003ACD97}.AppStore|iPhone.Deploy.0 = Release|Any CPU
		{69D0D22B-3352-4979-9DC0-757A003ACD97}.AppStore|iPhoneSimulator.ActiveCfg = Release|Any CPU
		{69D0D22B-3352-4979-9DC0-757A003ACD97}.AppStore|iPhoneSimulator.Build.0 = Release|Any CPU
		{69D0D22B-3352-4979-9DC0-757A003ACD97}.AppStore|iPhoneSimulator.Deploy.0 = Release|Any CPU
		{69D0D22B-3352-4979-9DC0-757A003ACD97}.AppStore|x64.ActiveCfg = Release|Any CPU
		{69D0D22B-3352-4979-9DC0-757A003ACD97}.AppStore|x64.Build.0 = Release|Any CPU
		{69D0D22B-3352-4979-9DC0-757A003ACD97}.AppStore|x64.Deploy.0 = Release|Any CPU
		{69D0D22B-3352-4979-9DC0-757A003ACD97}.AppStore|x86.ActiveCfg = Release|Any CPU
		{69D0D22B-3352-4979-9DC0-757A003ACD97}.AppStore|x86.Build.0 = Release|Any CPU
		{69D0D22B-3352-4979-9DC0-757A003ACD97}.AppStore|x86.Deploy.0 = Release|Any CPU
		{69D0D22B-3352-4979-9DC0-757A003ACD97}.Debug|Any CPU.ActiveCfg = Debug|Any CPU
		{69D0D22B-3352-4979-9DC0-757A003ACD97}.Debug|Any CPU.Build.0 = Debug|Any CPU
		{69D0D22B-3352-4979-9DC0-757A003ACD97}.Debug|Any CPU.Deploy.0 = Debug|Any CPU
		{69D0D22B-3352-4979-9DC0-757A003ACD97}.Debug|ARM.ActiveCfg = Debug|Any CPU
		{69D0D22B-3352-4979-9DC0-757A003ACD97}.Debug|ARM.Build.0 = Debug|Any CPU
		{69D0D22B-3352-4979-9DC0-757A003ACD97}.Debug|ARM.Deploy.0 = Debug|Any CPU
		{69D0D22B-3352-4979-9DC0-757A003ACD97}.Debug|iPhone.ActiveCfg = Debug|Any CPU
		{69D0D22B-3352-4979-9DC0-757A003ACD97}.Debug|iPhone.Build.0 = Debug|Any CPU
		{69D0D22B-3352-4979-9DC0-757A003ACD97}.Debug|iPhone.Deploy.0 = Debug|Any CPU
		{69D0D22B-3352-4979-9DC0-757A003ACD97}.Debug|iPhoneSimulator.ActiveCfg = Debug|Any CPU
		{69D0D22B-3352-4979-9DC0-757A003ACD97}.Debug|iPhoneSimulator.Build.0 = Debug|Any CPU
		{69D0D22B-3352-4979-9DC0-757A003ACD97}.Debug|iPhoneSimulator.Deploy.0 = Debug|Any CPU
		{69D0D22B-3352-4979-9DC0-757A003ACD97}.Debug|x64.ActiveCfg = Debug|Any CPU
		{69D0D22B-3352-4979-9DC0-757A003ACD97}.Debug|x64.Build.0 = Debug|Any CPU
		{69D0D22B-3352-4979-9DC0-757A003ACD97}.Debug|x64.Deploy.0 = Debug|Any CPU
		{69D0D22B-3352-4979-9DC0-757A003ACD97}.Debug|x86.ActiveCfg = Debug|Any CPU
		{69D0D22B-3352-4979-9DC0-757A003ACD97}.Debug|x86.Build.0 = Debug|Any CPU
		{69D0D22B-3352-4979-9DC0-757A003ACD97}.Debug|x86.Deploy.0 = Debug|Any CPU
		{69D0D22B-3352-4979-9DC0-757A003ACD97}.Release|Any CPU.ActiveCfg = Release|Any CPU
		{69D0D22B-3352-4979-9DC0-757A003ACD97}.Release|Any CPU.Build.0 = Release|Any CPU
		{69D0D22B-3352-4979-9DC0-757A003ACD97}.Release|Any CPU.Deploy.0 = Release|Any CPU
		{69D0D22B-3352-4979-9DC0-757A003ACD97}.Release|ARM.ActiveCfg = Release|Any CPU
		{69D0D22B-3352-4979-9DC0-757A003ACD97}.Release|ARM.Build.0 = Release|Any CPU
		{69D0D22B-3352-4979-9DC0-757A003ACD97}.Release|ARM.Deploy.0 = Release|Any CPU
		{69D0D22B-3352-4979-9DC0-757A003ACD97}.Release|iPhone.ActiveCfg = Release|Any CPU
		{69D0D22B-3352-4979-9DC0-757A003ACD97}.Release|iPhone.Build.0 = Release|Any CPU
		{69D0D22B-3352-4979-9DC0-757A003ACD97}.Release|iPhone.Deploy.0 = Release|Any CPU
		{69D0D22B-3352-4979-9DC0-757A003ACD97}.Release|iPhoneSimulator.ActiveCfg = Release|Any CPU
		{69D0D22B-3352-4979-9DC0-757A003ACD97}.Release|iPhoneSimulator.Build.0 = Release|Any CPU
		{69D0D22B-3352-4979-9DC0-757A003ACD97}.Release|iPhoneSimulator.Deploy.0 = Release|Any CPU
		{69D0D22B-3352-4979-9DC0-757A003ACD97}.Release|x64.ActiveCfg = Release|Any CPU
		{69D0D22B-3352-4979-9DC0-757A003ACD97}.Release|x64.Build.0 = Release|Any CPU
		{69D0D22B-3352-4979-9DC0-757A003ACD97}.Release|x64.Deploy.0 = Release|Any CPU
		{69D0D22B-3352-4979-9DC0-757A003ACD97}.Release|x86.ActiveCfg = Release|Any CPU
		{69D0D22B-3352-4979-9DC0-757A003ACD97}.Release|x86.Build.0 = Release|Any CPU
		{69D0D22B-3352-4979-9DC0-757A003ACD97}.Release|x86.Deploy.0 = Release|Any CPU
		{A766782F-FEF7-4FEA-89AF-D09ED3E73611}.Ad-Hoc|Any CPU.ActiveCfg = Ad-Hoc|iPhone
		{A766782F-FEF7-4FEA-89AF-D09ED3E73611}.Ad-Hoc|ARM.ActiveCfg = Ad-Hoc|iPhone
		{A766782F-FEF7-4FEA-89AF-D09ED3E73611}.Ad-Hoc|iPhone.ActiveCfg = Ad-Hoc|iPhone
		{A766782F-FEF7-4FEA-89AF-D09ED3E73611}.Ad-Hoc|iPhone.Build.0 = Ad-Hoc|iPhone
		{A766782F-FEF7-4FEA-89AF-D09ED3E73611}.Ad-Hoc|iPhoneSimulator.ActiveCfg = Ad-Hoc|iPhoneSimulator
		{A766782F-FEF7-4FEA-89AF-D09ED3E73611}.Ad-Hoc|iPhoneSimulator.Build.0 = Ad-Hoc|iPhoneSimulator
		{A766782F-FEF7-4FEA-89AF-D09ED3E73611}.Ad-Hoc|x64.ActiveCfg = Ad-Hoc|iPhone
		{A766782F-FEF7-4FEA-89AF-D09ED3E73611}.Ad-Hoc|x86.ActiveCfg = Ad-Hoc|iPhone
		{A766782F-FEF7-4FEA-89AF-D09ED3E73611}.AppStore|Any CPU.ActiveCfg = AppStore|iPhone
		{A766782F-FEF7-4FEA-89AF-D09ED3E73611}.AppStore|ARM.ActiveCfg = AppStore|iPhone
		{A766782F-FEF7-4FEA-89AF-D09ED3E73611}.AppStore|iPhone.ActiveCfg = AppStore|iPhone
		{A766782F-FEF7-4FEA-89AF-D09ED3E73611}.AppStore|iPhone.Build.0 = AppStore|iPhone
		{A766782F-FEF7-4FEA-89AF-D09ED3E73611}.AppStore|iPhoneSimulator.ActiveCfg = AppStore|iPhoneSimulator
		{A766782F-FEF7-4FEA-89AF-D09ED3E73611}.AppStore|iPhoneSimulator.Build.0 = AppStore|iPhoneSimulator
		{A766782F-FEF7-4FEA-89AF-D09ED3E73611}.AppStore|x64.ActiveCfg = AppStore|iPhone
		{A766782F-FEF7-4FEA-89AF-D09ED3E73611}.AppStore|x86.ActiveCfg = AppStore|iPhone
		{A766782F-FEF7-4FEA-89AF-D09ED3E73611}.Debug|Any CPU.ActiveCfg = Debug|iPhone
		{A766782F-FEF7-4FEA-89AF-D09ED3E73611}.Debug|ARM.ActiveCfg = Debug|iPhone
		{A766782F-FEF7-4FEA-89AF-D09ED3E73611}.Debug|iPhone.ActiveCfg = Debug|iPhone
		{A766782F-FEF7-4FEA-89AF-D09ED3E73611}.Debug|iPhone.Build.0 = Debug|iPhone
		{A766782F-FEF7-4FEA-89AF-D09ED3E73611}.Debug|iPhoneSimulator.ActiveCfg = Debug|iPhoneSimulator
		{A766782F-FEF7-4FEA-89AF-D09ED3E73611}.Debug|iPhoneSimulator.Build.0 = Debug|iPhoneSimulator
		{A766782F-FEF7-4FEA-89AF-D09ED3E73611}.Debug|x64.ActiveCfg = Debug|iPhone
		{A766782F-FEF7-4FEA-89AF-D09ED3E73611}.Debug|x86.ActiveCfg = Debug|iPhone
		{A766782F-FEF7-4FEA-89AF-D09ED3E73611}.Release|Any CPU.ActiveCfg = Release|iPhone
		{A766782F-FEF7-4FEA-89AF-D09ED3E73611}.Release|ARM.ActiveCfg = Release|iPhone
		{A766782F-FEF7-4FEA-89AF-D09ED3E73611}.Release|iPhone.ActiveCfg = Release|iPhone
		{A766782F-FEF7-4FEA-89AF-D09ED3E73611}.Release|iPhone.Build.0 = Release|iPhone
		{A766782F-FEF7-4FEA-89AF-D09ED3E73611}.Release|iPhoneSimulator.ActiveCfg = Release|iPhoneSimulator
		{A766782F-FEF7-4FEA-89AF-D09ED3E73611}.Release|iPhoneSimulator.Build.0 = Release|iPhoneSimulator
		{A766782F-FEF7-4FEA-89AF-D09ED3E73611}.Release|x64.ActiveCfg = Release|iPhone
		{A766782F-FEF7-4FEA-89AF-D09ED3E73611}.Release|x86.ActiveCfg = Release|iPhone
		{55E4BBC1-C3C1-4489-8AE5-F4C079E3AE18}.Ad-Hoc|Any CPU.ActiveCfg = Release|Any CPU
		{55E4BBC1-C3C1-4489-8AE5-F4C079E3AE18}.Ad-Hoc|Any CPU.Build.0 = Release|Any CPU
		{55E4BBC1-C3C1-4489-8AE5-F4C079E3AE18}.Ad-Hoc|ARM.ActiveCfg = Release|Any CPU
		{55E4BBC1-C3C1-4489-8AE5-F4C079E3AE18}.Ad-Hoc|ARM.Build.0 = Release|Any CPU
		{55E4BBC1-C3C1-4489-8AE5-F4C079E3AE18}.Ad-Hoc|iPhone.ActiveCfg = Release|Any CPU
		{55E4BBC1-C3C1-4489-8AE5-F4C079E3AE18}.Ad-Hoc|iPhone.Build.0 = Release|Any CPU
		{55E4BBC1-C3C1-4489-8AE5-F4C079E3AE18}.Ad-Hoc|iPhoneSimulator.ActiveCfg = Release|Any CPU
		{55E4BBC1-C3C1-4489-8AE5-F4C079E3AE18}.Ad-Hoc|iPhoneSimulator.Build.0 = Release|Any CPU
		{55E4BBC1-C3C1-4489-8AE5-F4C079E3AE18}.Ad-Hoc|x64.ActiveCfg = Release|Any CPU
		{55E4BBC1-C3C1-4489-8AE5-F4C079E3AE18}.Ad-Hoc|x64.Build.0 = Release|Any CPU
		{55E4BBC1-C3C1-4489-8AE5-F4C079E3AE18}.Ad-Hoc|x86.ActiveCfg = Release|Any CPU
		{55E4BBC1-C3C1-4489-8AE5-F4C079E3AE18}.Ad-Hoc|x86.Build.0 = Release|Any CPU
		{55E4BBC1-C3C1-4489-8AE5-F4C079E3AE18}.AppStore|Any CPU.ActiveCfg = Release|Any CPU
		{55E4BBC1-C3C1-4489-8AE5-F4C079E3AE18}.AppStore|Any CPU.Build.0 = Release|Any CPU
		{55E4BBC1-C3C1-4489-8AE5-F4C079E3AE18}.AppStore|ARM.ActiveCfg = Release|Any CPU
		{55E4BBC1-C3C1-4489-8AE5-F4C079E3AE18}.AppStore|ARM.Build.0 = Release|Any CPU
		{55E4BBC1-C3C1-4489-8AE5-F4C079E3AE18}.AppStore|iPhone.ActiveCfg = Release|Any CPU
		{55E4BBC1-C3C1-4489-8AE5-F4C079E3AE18}.AppStore|iPhone.Build.0 = Release|Any CPU
		{55E4BBC1-C3C1-4489-8AE5-F4C079E3AE18}.AppStore|iPhoneSimulator.ActiveCfg = Release|Any CPU
		{55E4BBC1-C3C1-4489-8AE5-F4C079E3AE18}.AppStore|iPhoneSimulator.Build.0 = Release|Any CPU
		{55E4BBC1-C3C1-4489-8AE5-F4C079E3AE18}.AppStore|x64.ActiveCfg = Release|Any CPU
		{55E4BBC1-C3C1-4489-8AE5-F4C079E3AE18}.AppStore|x64.Build.0 = Release|Any CPU
		{55E4BBC1-C3C1-4489-8AE5-F4C079E3AE18}.AppStore|x86.ActiveCfg = Release|Any CPU
		{55E4BBC1-C3C1-4489-8AE5-F4C079E3AE18}.AppStore|x86.Build.0 = Release|Any CPU
		{55E4BBC1-C3C1-4489-8AE5-F4C079E3AE18}.Debug|Any CPU.ActiveCfg = Debug|Any CPU
		{55E4BBC1-C3C1-4489-8AE5-F4C079E3AE18}.Debug|Any CPU.Build.0 = Debug|Any CPU
		{55E4BBC1-C3C1-4489-8AE5-F4C079E3AE18}.Debug|ARM.ActiveCfg = Debug|Any CPU
		{55E4BBC1-C3C1-4489-8AE5-F4C079E3AE18}.Debug|ARM.Build.0 = Debug|Any CPU
		{55E4BBC1-C3C1-4489-8AE5-F4C079E3AE18}.Debug|iPhone.ActiveCfg = Debug|Any CPU
		{55E4BBC1-C3C1-4489-8AE5-F4C079E3AE18}.Debug|iPhone.Build.0 = Debug|Any CPU
		{55E4BBC1-C3C1-4489-8AE5-F4C079E3AE18}.Debug|iPhoneSimulator.ActiveCfg = Debug|Any CPU
		{55E4BBC1-C3C1-4489-8AE5-F4C079E3AE18}.Debug|iPhoneSimulator.Build.0 = Debug|Any CPU
		{55E4BBC1-C3C1-4489-8AE5-F4C079E3AE18}.Debug|x64.ActiveCfg = Debug|Any CPU
		{55E4BBC1-C3C1-4489-8AE5-F4C079E3AE18}.Debug|x64.Build.0 = Debug|Any CPU
		{55E4BBC1-C3C1-4489-8AE5-F4C079E3AE18}.Debug|x86.ActiveCfg = Debug|Any CPU
		{55E4BBC1-C3C1-4489-8AE5-F4C079E3AE18}.Debug|x86.Build.0 = Debug|Any CPU
		{55E4BBC1-C3C1-4489-8AE5-F4C079E3AE18}.Release|Any CPU.ActiveCfg = Release|Any CPU
		{55E4BBC1-C3C1-4489-8AE5-F4C079E3AE18}.Release|Any CPU.Build.0 = Release|Any CPU
		{55E4BBC1-C3C1-4489-8AE5-F4C079E3AE18}.Release|ARM.ActiveCfg = Release|Any CPU
		{55E4BBC1-C3C1-4489-8AE5-F4C079E3AE18}.Release|ARM.Build.0 = Release|Any CPU
		{55E4BBC1-C3C1-4489-8AE5-F4C079E3AE18}.Release|iPhone.ActiveCfg = Release|Any CPU
		{55E4BBC1-C3C1-4489-8AE5-F4C079E3AE18}.Release|iPhone.Build.0 = Release|Any CPU
		{55E4BBC1-C3C1-4489-8AE5-F4C079E3AE18}.Release|iPhoneSimulator.ActiveCfg = Release|Any CPU
		{55E4BBC1-C3C1-4489-8AE5-F4C079E3AE18}.Release|iPhoneSimulator.Build.0 = Release|Any CPU
		{55E4BBC1-C3C1-4489-8AE5-F4C079E3AE18}.Release|x64.ActiveCfg = Release|Any CPU
		{55E4BBC1-C3C1-4489-8AE5-F4C079E3AE18}.Release|x64.Build.0 = Release|Any CPU
		{55E4BBC1-C3C1-4489-8AE5-F4C079E3AE18}.Release|x86.ActiveCfg = Release|Any CPU
		{55E4BBC1-C3C1-4489-8AE5-F4C079E3AE18}.Release|x86.Build.0 = Release|Any CPU
	EndGlobalSection
	GlobalSection(SolutionProperties) = preSolution
		HideSolutionNode = FALSE
	EndGlobalSection
EndGlobal
